<?xml version="1.0" encoding="utf-8"?>
<Project ToolsVersion="4.0" xmlns="http://schemas.microsoft.com/developer/msbuild/2003">
  <ItemGroup>
    <Filter Include="Quelldateien">
      <UniqueIdentifier>{4FC737F1-C7A5-4376-A066-2A32D752A2FF}</UniqueIdentifier>
      <Extensions>cpp;c;cc;cxx;def;odl;idl;hpj;bat;asm;asmx</Extensions>
    </Filter>
    <Filter Include="Headerdateien">
      <UniqueIdentifier>{93995380-89BD-4b04-88EB-625FBE52EBFB}</UniqueIdentifier>
      <Extensions>h;hh;hpp;hxx;hm;inl;inc;xsd</Extensions>
    </Filter>
    <Filter Include="Ressourcendateien">
      <UniqueIdentifier>{67DA6AB6-F800-4c08-8B7A-83BB121AAD01}</UniqueIdentifier>
      <Extensions>rc;ico;cur;bmp;dlg;rc2;rct;bin;rgs;gif;jpg;jpeg;jpe;resx;tiff;tif;png;wav;mfcribbon-ms</Extensions>
    </Filter>
    <Filter Include="Bilder">
      <UniqueIdentifier>{e14693a9-f883-4b57-b4d4-3951b7aa9a1e}</UniqueIdentifier>
    </Filter>
  </ItemGroup>
  <ItemGroup>
    <Text Include="ReadMe.txt" />
  </ItemGroup>
  <ItemGroup>
    <ClInclude Include="stdafx.h">
      <Filter>Headerdateien</Filter>
    </ClInclude>
    <ClInclude Include="targetver.h">
      <Filter>Headerdateien</Filter>
    </ClInclude>
    <ClInclude Include="AES.h">
      <Filter>Headerdateien</Filter>
    </ClInclude>
    <ClInclude Include="KeyManager.h">
      <Filter>Headerdateien</Filter>
    </ClInclude>
    <ClInclude Include="resource.h">
      <Filter>Headerdateien</Filter>
    </ClInclude>
    <ClInclude Include="sha256.h">
      <Filter>Headerdateien</Filter>
    </ClInclude>
  </ItemGroup>
  <ItemGroup>
    <ClCompile Include="stdafx.cpp">
      <Filter>Quelldateien</Filter>
    </ClCompile>
    <ClCompile Include="AES.cpp">
      <Filter>Quelldateien</Filter>
    </ClCompile>
    <ClCompile Include="KeyManager.cpp">
      <Filter>Quelldateien</Filter>
    </ClCompile>
    <ClCompile Include="sha256.cpp">
      <Filter>Quelldateien</Filter>
    </ClCompile>
  </ItemGroup>
  <ItemGroup>
    <None Include="ClassDiagram.cd" />
    <None Include="..\Readme.md" />
  </ItemGroup>
  <ItemGroup>
    <ResourceCompile Include="KeyManager 1.07.rc">
      <Filter>Ressourcendateien</Filter>
    </ResourceCompile>
  </ItemGroup>
  <ItemGroup>
    <Image Include="..\Bilder\Hauptmenue.PNG">
      <Filter>Bilder</Filter>
    </Image>
    <Image Include="..\Bilder\Hauptmenue1.png">
      <Filter>Bilder</Filter>
    </Image>
    <Image Include="..\Bilder\InhaltNachErstemEintrag.PNG">
      <Filter>Bilder</Filter>
    </Image>
    <Image Include="..\Bilder\InhaltNachErstemEintrag1.png">
      <Filter>Bilder</Filter>
    </Image>
    <Image Include="..\Bilder\InhaltNachErstemEintrag2.png">
      <Filter>Bilder</Filter>
    </Image>
    <Image Include="..\Bilder\NameErsterEintrag.PNG">
      <Filter>Bilder</Filter>
    </Image>
    <Image Include="..\Bilder\Neu1.PNG">
      <Filter>Bilder</Filter>
    </Image>
    <Image Include="..\Bilder\Neu2.PNG">
      <Filter>Bilder</Filter>
    </Image>
    <Image Include="..\Bilder\Neu11.PNG">
      <Filter>Bilder</Filter>
    </Image>
    <Image Include="..\Bilder\Neu21.PNG">
      <Filter>Bilder</Filter>
    </Image>
    <Image Include="..\Bilder\Neu22.png">
      <Filter>Bilder</Filter>
    </Image>
    <Image Include="..\Bilder\PassErsterEintrag.PNG">
      <Filter>Bilder</Filter>
    </Image>
    <Image Include="..\Bilder\WeitererEintragZufallPW.PNG">
      <Filter>Bilder</Filter>
    </Image>
    <Image Include="..\Bilder\Willkommen.PNG">
      <Filter>Bilder</Filter>
    </Image>
    <Image Include="..\Bilder\Willkommen1.PNG">
      <Filter>Bilder</Filter>
    </Image>
    <Image Include="..\Bilder\Zufall.PNG">
      <Filter>Bilder</Filter>
    </Image>
    <Image Include="..\Bilder\Zufall1.png">
      <Filter>Bilder</Filter>
    </Image>
    <Image Include="..\Bilder\BenutzerErsterEintrag.PNG">
      <Filter>Bilder</Filter>
    </Image>
    <Image Include="..\Bilder\DatenbankDatei.PNG">
      <Filter>Bilder</Filter>
    </Image>
    <Image Include="..\Bilder\DBAnlegen.PNG">
      <Filter>Bilder</Filter>
    </Image>
    <Image Include="..\Bilder\DBPasswort.PNG">
      <Filter>Bilder</Filter>
    </Image>
    <Image Include="..\Bilder\DBPasswort1.png">
      <Filter>Bilder</Filter>
    </Image>
  </ItemGroup>
</Project>